---
lockfileVersion: '9.0'

importers:

  .:
    configDependencies: {}
    packageManagerDependencies:
      '@pnpm/exe':
        specifier: 11.15.1
        version: 11.15.1
      pnpm:
        specifier: 11.15.1
        version: 11.15.1

packages:

  '@pnpm/exe@11.15.1':
    resolution: {integrity: sha512-+e+DQrUPtDqH+9blSre23l7od3P3lRy43HN8TOKHNvbtuTNDRQtqQ0seHk/kn7iJl+ZSKBALFrQXPvbItNgRwA==}
    hasBin: true

  '@pnpm/linux-arm64@11.15.1':
    resolution: {integrity: sha512-8QOTdBeklXcE/AY4cAR2RJ4809I38kLxtInAYW4sVDfQoWYjmEIoU/ZxpHsk78KM8VU0BehtOB+iZsMxSCyiLQ==}
    cpu: [arm64]
    os: [linux]

  '@pnpm/linux-x64@11.15.1':
    resolution: {integrity: sha512-hbhuC2Rh5Zw9ERUsQhOSLPnwfWSRTU6phtuFdK2I2raYCXa7v5C4i+XKTH+sKLPG5vJiKPyi4Hd62UECHZoy2w==}
    cpu: [x64]
    os: [linux]

  '@pnpm/linuxstatic-arm64@11.15.1':
    resolution: {integrity: sha512-xEL9kDvLXnNYAgQak9tfIhO/BaBf1R/1+/dzzntuquzSqrEaPs0x0P4qMmwq02hVBDfAGA2MAD4n9kmc6Q//tw==}
    cpu: [arm64]
    os: [linux]
    libc: [musl]

  '@pnpm/linuxstatic-x64@11.15.1':
    resolution: {integrity: sha512-SLJ4neJx649ri4qHdseQN6SnAy6nNFnsLGi7g+EH32cVux4aWX7tjMNTPHrUKJ6Oc7C6oPGXUpLmemEvAwCPOg==}
    cpu: [x64]
    os: [linux]
    libc: [musl]

  '@pnpm/macos-arm64@11.15.1':
    resolution: {integrity: sha512-GbIUQcDZgO/i1Ql38Pk269KNYpEbSCWYcSXBHgT62y8qVTrpEbmi+TKNaLVYuUkK0k/hMibySRa5GUs7/vnNyw==}
    cpu: [arm64]
    os: [darwin]

  '@pnpm/win-arm64@11.15.1':
    resolution: {integrity: sha512-pLlcpdtoaHJxVfhWahoQg5U7Mv9b6/X/8og+dY1GX1GvsZU3Wf7Y+LlA1sfxqoPcohtQdo6MdJkWiOZ3nIFMCQ==}
    cpu: [arm64]
    os: [win32]

  '@pnpm/win-x64@11.15.1':
    resolution: {integrity: sha512-gAvQjBOrNb8zHXRQawBfZRtjDWEFe6p9aSBi8uuMtWB4XAaj0+YuzstsR93llZ/UgP67oTkbkCOITBLayRVGGQ==}
    cpu: [x64]
    os: [win32]

  '@reflink/reflink-darwin-arm64@0.1.19':
    resolution: {integrity: sha512-ruy44Lpepdk1FqDz38vExBY/PVUsjxZA+chd9wozjUH9JjuDT/HEaQYA6wYN9mf041l0yLVar6BCZuWABJvHSA==}
    engines: {node: '>= 10'}
    cpu: [arm64]
    os: [darwin]

  '@reflink/reflink-darwin-x64@0.1.19':
    resolution: {integrity: sha512-By85MSWrMZa+c26TcnAy8SDk0sTUkYlNnwknSchkhHpGXOtjNDUOxJE9oByBnGbeuIE1PiQsxDG3Ud+IVV9yuA==}
    engines: {node: '>= 10'}
    cpu: [x64]
    os: [darwin]

  '@reflink/reflink-linux-arm64-gnu@0.1.19':
    resolution: {integrity: sha512-7P+er8+rP9iNeN+bfmccM4hTAaLP6PQJPKWSA4iSk2bNvo6KU6RyPgYeHxXmzNKzPVRcypZQTpFgstHam6maVg==}
    engines: {node: '>= 10'}
    cpu: [arm64]
    os: [linux]
    libc: [glibc]

  '@reflink/reflink-linux-arm64-musl@0.1.19':
    resolution: {integrity: sha512-37iO/Dp6m5DDaC2sf3zPtx/hl9FV3Xze4xoYidrxxS9bgP3S8ALroxRK6xBG/1TtfXKTvolvp+IjrUU6ujIGmA==}
    engines: {node: '>= 10'}
    cpu: [arm64]
    os: [linux]
    libc: [musl]

  '@reflink/reflink-linux-x64-gnu@0.1.19':
    resolution: {integrity: sha512-jbI8jvuYCaA3MVUdu8vLoLAFqC+iNMpiSuLbxlAgg7x3K5bsS8nOpTRnkLF7vISJ+rVR8W+7ThXlXlUQ93ulkw==}
    engines: {node: '>= 10'}
    cpu: [x64]
    os: [linux]
    libc: [glibc]

  '@reflink/reflink-linux-x64-musl@0.1.19':
    resolution: {integrity: sha512-e9FBWDe+lv7QKAwtKOt6A2W/fyy/aEEfr0g6j/hWzvQcrzHCsz07BNQYlNOjTfeytrtLU7k449H1PI95jA4OjQ==}
    engines: {node: '>= 10'}
    cpu: [x64]
    os: [linux]
    libc: [musl]

  '@reflink/reflink-win32-arm64-msvc@0.1.19':
    resolution: {integrity: sha512-09PxnVIQcd+UOn4WAW73WU6PXL7DwGS6wPlkMhMg2zlHHG65F3vHepOw06HFCq+N42qkaNAc8AKIabWvtk6cIQ==}
    engines: {node: '>= 10'}
    cpu: [arm64]
    os: [win32]

  '@reflink/reflink-win32-x64-msvc@0.1.19':
    resolution: {integrity: sha512-E//yT4ni2SyhwP8JRjVGWr3cbnhWDiPLgnQ66qqaanjjnMiu3O/2tjCPQXlcGc/DEYofpDc9fvhv6tALQsMV9w==}
    engines: {node: '>= 10'}
    cpu: [x64]
    os: [win32]

  '@reflink/reflink@0.1.19':
    resolution: {integrity: sha512-DmCG8GzysnCZ15bres3N5AHCmwBwYgp0As6xjhQ47rAUTUXxJiK+lLUxaGsX3hd/30qUpVElh05PbGuxRPgJwA==}
    engines: {node: '>= 10'}

  detect-libc@2.1.2:
    resolution: {integrity: sha512-Btj2BOOO83o3WyH59e8MgXsxEQVcarkUOpEYrubB0urwnN10yQ364rsiByU11nZlqWYZm05i/of7io4mzihBtQ==}
    engines: {node: '>=8'}

  pnpm@11.15.1:
    resolution: {integrity: sha512-gTULB+U8lTigLx8jA7QpD6LXvgTlbiqXDEzEtBfcdh3hlu2r1J1Vx9yVgNuBAHxEFD5OPX5GKzAA0jwlUSLQZQ==}
    engines: {node: '>=22.13'}
    hasBin: true

snapshots:

  '@pnpm/exe@11.15.1':
    dependencies:
      '@reflink/reflink': 0.1.19
      detect-libc: 2.1.2
    optionalDependencies:
      '@pnpm/linux-arm64': 11.15.1
      '@pnpm/linux-x64': 11.15.1
      '@pnpm/linuxstatic-arm64': 11.15.1
      '@pnpm/linuxstatic-x64': 11.15.1
      '@pnpm/macos-arm64': 11.15.1
      '@pnpm/win-arm64': 11.15.1
      '@pnpm/win-x64': 11.15.1

  '@pnpm/linux-arm64@11.15.1':
    optional: true

  '@pnpm/linux-x64@11.15.1':
    optional: true

  '@pnpm/linuxstatic-arm64@11.15.1':
    optional: true

  '@pnpm/linuxstatic-x64@11.15.1':
    optional: true

  '@pnpm/macos-arm64@11.15.1':
    optional: true

  '@pnpm/win-arm64@11.15.1':
    optional: true

  '@pnpm/win-x64@11.15.1':
    optional: true

  '@reflink/reflink-darwin-arm64@0.1.19':
    optional: true

  '@reflink/reflink-darwin-x64@0.1.19':
    optional: true

  '@reflink/reflink-linux-arm64-gnu@0.1.19':
    optional: true

  '@reflink/reflink-linux-arm64-musl@0.1.19':
    optional: true

  '@reflink/reflink-linux-x64-gnu@0.1.19':
    optional: true

  '@reflink/reflink-linux-x64-musl@0.1.19':
    optional: true

  '@reflink/reflink-win32-arm64-msvc@0.1.19':
    optional: true

  '@reflink/reflink-win32-x64-msvc@0.1.19':
    optional: true

  '@reflink/reflink@0.1.19':
    optionalDependencies:
      '@reflink/reflink-darwin-arm64': 0.1.19
      '@reflink/reflink-darwin-x64': 0.1.19
      '@reflink/reflink-linux-arm64-gnu': 0.1.19
      '@reflink/reflink-linux-arm64-musl': 0.1.19
      '@reflink/reflink-linux-x64-gnu': 0.1.19
      '@reflink/reflink-linux-x64-musl': 0.1.19
      '@reflink/reflink-win32-arm64-msvc': 0.1.19
      '@reflink/reflink-win32-x64-msvc': 0.1.19

  detect-libc@2.1.2: {}

  pnpm@11.15.1: {}

---
lockfileVersion: '9.0'

settings:
  autoInstallPeers: true
  excludeLinksFromLockfile: false

importers:

  .:
    devDependencies:
      archiver:
        specifier: ^8.0.0
        version: 8.0.0
      hasha:
        specifier: ^7.0.0
        version: 7.0.0
      promisify-child-process:
        specifier: ^5.0.1
        version: 5.0.1
      semver:
        specifier: ^7.8.5
        version: 7.8.5
      tar:
        specifier: ^7.5.20
        version: 7.5.20
      tmp-promise:
        specifier: ^3.0.3
        version: 3.0.3
      node:
        specifier: runtime:26.5.0
        version: runtime:26.5.0

packages:

  '@babel/runtime@7.29.7':
    resolution: {integrity: sha512-Nq8OhGWiZIZGV6hLHoyAKLLcJihP/xFeBMGJoUrxTX2psI8dCifzLhZISFb+VWS3wFMRDmCGw5R+dOySCqPLhw==}
    engines: {node: '>=6.9.0'}

  '@isaacs/fs-minipass@4.0.1':
    resolution: {integrity: sha512-wgm9Ehl2jpeqP3zw/7mo3kRHFp5MEDhqAdwy1fTGkHAwnkGOVsgpvQhL8B5n1qlb01jV3n/bI0ZfZp5lWA1k4w==}
    engines: {node: '>=18.0.0'}

  abort-controller@3.0.0:
    resolution: {integrity: sha512-h8lQ8tacZYnR3vNQTgibj+tODHI5/+l06Au2Pcriv/Gmet0eaj4TwWH41sO9wnHDiQsEj19q0drzdWdeAHtweg==}
    engines: {node: '>=6.5'}

  archiver@8.0.0:
    resolution: {integrity: sha512-fV1orZfsnPn9BaSByR/qE67rJCLJEy2Ox5bq7nJh+jquWaNh6Sfec75kJ2T6PtdGUbPQlrVoSVCEOa5SdiTQ1g==}
    engines: {node: '>=18'}

  async@3.2.4:
    resolution: {integrity: sha512-iAB+JbDEGXhyIUavoDl9WP/Jj106Kz9DEn1DPgYw5ruDn0e3Wgi3sKFm55sASdGBNOQB8F59d9qQ7deqrHA8wQ==}

  b4a@1.6.6:
    resolution: {integrity: sha512-5Tk1HLk6b6ctmjIkAcU/Ujv/1WqiDl0F0JdRCR80VsOcUlHcu7pWeWRlOqQLHfDEsVx9YH/aif5AG4ehoCtTmg==}

  balanced-match@1.0.2:
    resolution: {integrity: sha512-3oSeUO0TMV67hN1AmbXsK4yaqU7tjiHlbxRDZOpH0KW9+CeX4bRAaX0Anxt0tx2MrpRpWwQaPwIlISEJhYU5Pw==}

  balanced-match@4.0.4:
    resolution: {integrity: sha512-BLrgEcRTwX2o6gGxGOCNyMvGSp35YofuYzw9h1IMTRmKqttAZZVU67bdb9Pr2vUHA8+j3i2tJfjO6C6+4myGTA==}
    engines: {node: 18 || 20 || >=22}

  bare-events@2.4.2:
    resolution: {integrity: sha512-qMKFd2qG/36aA4GwvKq8MxnPgCQAmBWmSyLWsJcbn8v03wvIPQ/hG1Ms8bPzndZxMDoHpxez5VOS+gC9Yi24/Q==}

  base64-js@1.5.1:
    resolution: {integrity: sha512-AKpaYlHn8t4SVbOHCy+b5+KKgvR4vrsD8vbvrbiQJps7fKDTkjkDry6ji0rUJjC0kzbNePLwzxq8iypo41qeWA==}

  brace-expansion@1.1.11:
    resolution: {integrity: sha512-iCuPHDFgrHX7H2vEI/5xpz07zSHB00TpugqhmYtVmMO6518mCuRMoOYFldEBl0g187ufozdaHgWKcYFb61qGiA==}

  brace-expansion@5.0.7:
    resolution: {integrity: sha512-7oFy703dxfY3/NLxC1fh2SUCQ0H9rmAY+5EpDVfXjUTTs+HEwR2nYaqLv+GWcTsumwxPfiz6CzCNkwXwBUwqCA==}
    engines: {node: 18 || 20 || >=22}

  buffer-crc32@1.0.0:
    resolution: {integrity: sha512-Db1SbgBS/fg/392AblrMJk97KggmvYhr4pB5ZIMTWtaivCPMWLkmb7m21cJvpvgK+J3nsU2CmmixNBZx4vFj/w==}
    engines: {node: '>=8.0.0'}

  buffer@6.0.3:
    resolution: {integrity: sha512-FTiCpNxtwiZZHEZbcbTIcZjERVICn9yq/pDFkTl95/AxzD1naBctN7YO68riM/gLSDY7sdrMby8hofADYuuqOA==}

  chownr@3.0.0:
    resolution: {integrity: sha512-+IxzY9BZOQd/XuYPRmrvEVjF/nqj5kgT4kEq7VofrDoM1MxoRjEWkrCC3EtLi59TVawxTAn+orJwFQcrqEN1+g==}
    engines: {node: '>=18'}

  compress-commons@7.0.1:
    resolution: {integrity: sha512-g0S8KAD8qf4+V//pr3BfB1aBnARLXNz2Gx+jmHU0LEriUuoQUOPOulVquHKTJ8+EAIIO7fhseNDr9wK5Q9FKBQ==}
    engines: {node: '>=18'}

  concat-map@0.0.1:
    resolution: {integrity: sha512-/Srv4dswyQNBfohGpz9o6Yb3Gz3SrUDqBH5rTuhGR7ahtlbYKnVxw2bCFMRljaA7EXHaXZ8wsHdodFvbkhKmqg==}

  core-util-is@1.0.3:
    resolution: {integrity: sha512-ZQBvi1DcpJ4GDqanjucZ2Hj3wEO5pZDS89BWbkcrvdxksJorwUDDZamX9ldFkp9aw2lmBDLgkObEA4DWNJ9FYQ==}

  crc-32@1.2.2:
    resolution: {integrity: sha512-ROmzCKrTnOwybPcJApAA6WBWij23HVfGVNKqqrZpuyZOHqK2CwHSvpGuyt/UNNvaIjEd8X5IFGp4Mh+Ie1IHJQ==}
    engines: {node: '>=0.8'}
    hasBin: true

  crc32-stream@7.0.1:
    resolution: {integrity: sha512-IBWsY8xznyQrcHn8h4bC8/4ErNke5elzgG8GcqF4RFPw6aHkWWRc7Tgw6upjaTX/CT/yQgqYENkxYsTYN+hW2g==}
    engines: {node: '>=18'}

  event-target-shim@5.0.1:
    resolution: {integrity: sha512-i/2XbnSz/uxRCU6+NdVJgKWDTM427+MqYbkQzD321DuCQJUqOuJKIA0IM2+W2xtYHdKOmZ4dR6fExsd4SXL+WQ==}
    engines: {node: '>=6'}

  events@3.3.0:
    resolution: {integrity: sha512-mQw+2fkQbALzQ7V0MY0IqdnXNOeTtP4r0lN9z7AAawCXgqea7bDii20AYrIBrFd/Hx0M2Ocz6S111CaFkUcb0Q==}
    engines: {node: '>=0.8.x'}

  fast-fifo@1.3.2:
    resolution: {integrity: sha512-/d9sfos4yxzpwkDkuN7k2SqFKtYNmCTzgfEpz82x34IM9/zc8KGxQoXg1liNC/izpRM/MBdt44Nmx41ZWqk+FQ==}

  fs.realpath@1.0.0:
    resolution: {integrity: sha512-OO0pH2lK6a0hZnAdau5ItzHPI6pUlvI7jMVnxUQRtw4owF2wk8lOSabtGDCTP4Ggrg2MbGnWO9X8K1t4+fGMDw==}

  glob@7.2.3:
    resolution: {integrity: sha512-nFR0zLpU2YCaRxwoCJvL6UvCH2JFyFVIvwTLsIf21AuHlMskA1hhTdk+LlYJtOlYt9v6dvszD2BGRqBL+iQK9Q==}
    deprecated: Old versions of glob are not supported, and contain widely publicized security vulnerabilities, which have been fixed in the current version. Please update. Support for old versions may be purchased (at exorbitant rates) by contacting i@izs.me

  hasha@7.0.0:
    resolution: {integrity: sha512-+OPiRBbKJgGQRJ/IaYXmpnMlg7E+GPL38vVJx4Jcjnax4mrrYV0WteTMf57tgkKs10a1wWS4DOXCnDORWdIy4g==}
    engines: {node: '>=20'}

  ieee754@1.2.1:
    resolution: {integrity: sha512-dcyqhDvX1C46lXZcVqCpK+FtMRQVdIMN6/Df5js2zouUsqG7I6sFxitIC+7KYK29KdXOLHdu9zL4sFnoVQnqaA==}

  inflight@1.0.6:
    resolution: {integrity: sha512-k92I/b08q4wvFscXCLvqfsHCrjrF7yiXsQuIVvVE7N82W3+aqpzuUdBbfhWcy/FZR3/4IgflMgKLOsvPDrGCJA==}
    deprecated: This module is not supported, and leaks memory. Do not use it. Check out lru-cache if you want a good and tested way to coalesce async requests by a key value, which is much more comprehensive and powerful.

  inherits@2.0.4:
    resolution: {integrity: sha512-k/vGaX4/Yla3WzyMCvTQOXYeIHvqOKtnqBduzTHpzpQZzAskKMhZ2K+EnBiSM9zGSoIFeMpXKxa4dYeZIQqewQ==}

  is-stream@4.0.1:
    resolution: {integrity: sha512-Dnz92NInDqYckGEUJv689RbRiTSEHCQ7wOVeALbkOz999YpqT46yMRIGtSNl2iCL1waAZSx40+h59NV/EwzV/A==}
    engines: {node: '>=18'}

  isarray@1.0.0:
    resolution: {integrity: sha512-VLghIWNM6ELQzo7zwmcg0NmTVyWKYjvIeM83yjp0wRDTmUnrM678fQbcKBo6n2CJEF0szoG//ytg+TKla89ALQ==}

  lazystream@1.0.1:
    resolution: {integrity: sha512-b94GiNHQNy6JNTrt5w6zNyffMrNkXZb3KTkCZJb2V1xaEGCk093vkZ2jk3tpaeP33/OiXC+WvK9AxUebnf5nbw==}
    engines: {node: '>= 0.6.3'}

  minimatch@10.2.5:
    resolution: {integrity: sha512-MULkVLfKGYDFYejP07QOurDLLQpcjk7Fw+7jXS2R2czRQzR56yHRveU5NDJEOviH+hETZKSkIk5c+T23GjFUMg==}
    engines: {node: 18 || 20 || >=22}

  minimatch@3.1.2:
    resolution: {integrity: sha512-J7p63hRiAjw1NDEww1W7i37+ByIrOWO5XQQAzZ3VOcL0PNybwpfmV/N05zFAzwQ9USyEcX6t3UO+K5aqBQOIHw==}

  minipass@7.1.2:
    resolution: {integrity: sha512-qOOzS1cBTWYF4BH8fVePDBOO9iptMnGUEZwNc/cMWnTV2nVLZ7VoNWEPHkYczZA0pdoA7dl6e7FL659nX9S2aw==}
    engines: {node: '>=16 || 14 >=14.17'}

  minizlib@3.1.0:
    resolution: {integrity: sha512-KZxYo1BUkWD2TVFLr0MQoM8vUUigWD3LlD83a/75BqC+4qE0Hb1Vo5v1FgcfaNXvfXzr+5EhQ6ing/CaBijTlw==}
    engines: {node: '>= 18'}

  node@runtime:26.5.0:
    resolution:
      type: variations
      variants:
        - resolution:
            archive: tarball
            bin:
              node: bin/node
            integrity: sha256-JFZ51EYpEte5pfFnqBBXligSgXt8+LKcIux5MnGS7eA=
            type: binary
            url: https://nodejs.org/download/release/v26.5.0/node-v26.5.0-aix-ppc64.tar.gz
          targets:
            - cpu: ppc64
              os: aix
        - resolution:
            archive: tarball
            bin:
              node: bin/node
            integrity: sha256-7pIFWaqiORVpz/TXN+O4OWNDDjoU3t2Rv+D/UxcbWvk=
            type: binary
            url: https://nodejs.org/download/release/v26.5.0/node-v26.5.0-darwin-arm64.tar.gz
          targets:
            - cpu: arm64
              os: darwin
        - resolution:
            archive: tarball
            bin:
              node: bin/node
            integrity: sha256-mCkzlMlFok5k4AtBd78HXslj6nCzTR0uJL1KcXFtM08=
            type: binary
            url: https://nodejs.org/download/release/v26.5.0/node-v26.5.0-darwin-x64.tar.gz
          targets:
            - cpu: x64
              os: darwin
        - resolution:
            archive: tarball
            bin:
              node: bin/node
            integrity: sha256-MI5f6JqCRhulps8V/1Ihss29euh2AKpyuzw/vcZkEtE=
            type: binary
            url: https://nodejs.org/download/release/v26.5.0/node-v26.5.0-linux-arm64.tar.gz
          targets:
            - cpu: arm64
              os: linux
        - resolution:
            archive: tarball
            bin:
              node: bin/node
            integrity: sha256-ftjaaaLvAIhT4o+v4Tz+2drA/gHg74OxqOxbm4VX7Sg=
            type: binary
            url: https://nodejs.org/download/release/v26.5.0/node-v26.5.0-linux-ppc64le.tar.gz
          targets:
            - cpu: ppc64le
              os: linux
        - resolution:
            archive: tarball
            bin:
              node: bin/node
            integrity: sha256-1nOVmxOQ4dCGX9euj7mBsWaX22NFoQsU4TDDAs9MvCg=
            type: binary
            url: https://nodejs.org/download/release/v26.5.0/node-v26.5.0-linux-s390x.tar.gz
          targets:
            - cpu: s390x
              os: linux
        - resolution:
            archive: tarball
            bin:
              node: bin/node
            integrity: sha256-IrX0etaueIN+TCuEYBmWXOGga6FD3hdhAilKG/RPxnc=
            type: binary
            url: https://nodejs.org/download/release/v26.5.0/node-v26.5.0-linux-x64.tar.gz
          targets:
            - cpu: x64
              os: linux
        - resolution:
            archive: zip
            bin:
              node: node.exe
            integrity: sha256-wM+lh3tt50MwHmIvWrxNJvsP+HmK3/yP/9KIX0JgCLo=
            prefix: node-v26.5.0-win-arm64
            type: binary
            url: https://nodejs.org/download/release/v26.5.0/node-v26.5.0-win-arm64.zip
          targets:
            - cpu: arm64
              os: win32
        - resolution:
            archive: zip
            bin:
              node: node.exe
            integrity: sha256-07InfbzM/fJO9jApKPZPSEz/HXem08qjoo9NIM6RWPY=
            prefix: node-v26.5.0-win-x64
            type: binary
            url: https://nodejs.org/download/release/v26.5.0/node-v26.5.0-win-x64.zip
          targets:
            - cpu: x64
              os: win32
        - resolution:
            archive: tarball
            bin:
              node: bin/node
            integrity: sha256-GrMa72VhGRaT82bKzXW7zvoDAeSaGLwFVUwhiTu9tJA=
            type: binary
            url: https://unofficial-builds.nodejs.org/download/release/v26.5.0/node-v26.5.0-linux-arm64-musl.tar.gz
          targets:
            - cpu: arm64
              os: linux
              libc: musl
        - resolution:
            archive: tarball
            bin:
              node: bin/node
            integrity: sha256-APE5hBGkIWxabsqtO4JaDaXsAOee6MFzq2WglNl7mtg=
            type: binary
            url: https://unofficial-builds.nodejs.org/download/release/v26.5.0/node-v26.5.0-linux-x64-musl.tar.gz
          targets:
            - cpu: x64
              os: linux
              libc: musl
    version: 26.5.0
    hasBin: true

  normalize-path@3.0.0:
    resolution: {integrity: sha512-6eZs5Ls3WtCisHWp9S2GUy8dqkpGi4BVSz3GaqiE6ezub0512ESztXUwUB6C6IKbQkY2Pnb/mD4WYojCRwcwLA==}
    engines: {node: '>=0.10.0'}

  once@1.4.0:
    resolution: {integrity: sha512-lNaJgI+2Q5URQBkccEKHTQOPaXdUxnZZElQTZY0MFUAuaEqe1E+Nyvgdz/aIyNi6Z9MzO5dv1H8n58/GELp3+w==}

  path-is-absolute@1.0.1:
    resolution: {integrity: sha512-AVbw3UJ2e9bq64vSaS9Am0fje1Pa8pbGqTTsmXfaIiMpnr5DlDhfJOuLj9Sf95ZPVDAUerDfEk88MPmPe7UCQg==}
    engines: {node: '>=0.10.0'}

  process-nextick-args@2.0.1:
    resolution: {integrity: sha512-3ouUOpQhtgrbOa17J7+uxOTpITYWaGP7/AhoR3+A+/1e9skrzelGi/dXzEYyvbxubEF6Wn2ypscTKiKJFFn1ag==}

  process@0.11.10:
    resolution: {integrity: sha512-cdGef/drWFoydD1JsMzuFf8100nZl+GT+yacc2bEced5f9Rjk4z+WtFUTBu9PhOi9j/jfmBPu0mMEY4wIdAF8A==}
    engines: {node: '>= 0.6.0'}

  promisify-child-process@5.0.1:
    resolution: {integrity: sha512-jP2Aw1acio5NYIgCEpW9Ay2OhWlcbKTZp4aY6iivx75K2yXizJBt6Wz7sQrHloXKIfrjhbUfdH9m6UZrus4tmA==}
    engines: {node: '>=16'}

  queue-tick@1.0.1:
    resolution: {integrity: sha512-kJt5qhMxoszgU/62PLP1CJytzd2NKetjSRnyuj31fDd3Rlcz3fzlFdFLD1SItunPwyqEOkca6GbV612BWfaBag==}

  readable-stream@2.3.8:
    resolution: {integrity: sha512-8p0AUk4XODgIewSi0l8Epjs+EVnWiK7NoDIEGU0HhE7+ZyY8D1IMY7odu5lRrFXGg71L15KG8QrPmum45RTtdA==}

  readable-stream@4.5.2:
    resolution: {integrity: sha512-yjavECdqeZ3GLXNgRXgeQEdz9fvDDkNKyHnbHRFtOr7/LcfgBcmct7t/ET+HaCTqfh06OzoAxrkN/IfjJBVe+g==}
    engines: {node: ^12.22.0 || ^14.17.0 || >=16.0.0}

  readdir-glob@3.0.0:
    resolution: {integrity: sha512-AhNB2KgKeVJr16nK9LLZbJNWnYoT23ZrumNKFDebHBdkC8KHSqWo871JAUhoWC/RtjEVdqNMFpM6qrwRbaUqpw==}
    engines: {node: '>=18'}

  rimraf@3.0.2:
    resolution: {integrity: sha512-JZkJMZkAGFFPP2YqXZXPbMlMBgsxzE8ILs4lMIX/2o0L9UBw9O/Y3o6wFw/i9YLapcUJWwqbi3kdxIPdC62TIA==}
    deprecated: Rimraf versions prior to v4 are no longer supported
    hasBin: true

  safe-buffer@5.1.2:
    resolution: {integrity: sha512-Gd2UZBJDkXlY7GbJxfsE8/nvKkUEU1G38c1siN6QP6a9PT9MmHB8GnpscSmMJSoF8LOIrt8ud/wPtojys4G6+g==}

  safe-buffer@5.2.1:
    resolution: {integrity: sha512-rp3So07KcdmmKbGvgaNxQSJr7bGVSVk5S9Eq1F+ppbRo70+YeaDxkw5Dd8NPN+GD6bjnYm2VuPuCXmpuYvmCXQ==}

  semver@7.8.5:
    resolution: {integrity: sha512-Y7/KDsb8LjooZpwaqGyulO6DQlksgCncchHGk+sZIY4SBvUocMBEFH5Ur1fI4dV+Jvl0w6cjvucaIi40puRioA==}
    engines: {node: '>=10'}
    hasBin: true

  streamx@2.20.1:
    resolution: {integrity: sha512-uTa0mU6WUC65iUvzKH4X9hEdvSW7rbPxPtwfWiLMSj3qTdQbAiUboZTxauKfpFuGIGa1C2BYijZ7wgdUXICJhA==}

  string_decoder@1.1.1:
    resolution: {integrity: sha512-n/ShnvDi6FHbbVfviro+WojiFzv+s8MPMHBczVePfUpDJLwoLT0ht1l4YwBCbi8pJAveEEdnkHyPyTP/mzRfwg==}

  string_decoder@1.3.0:
    resolution: {integrity: sha512-hkRX8U1WjJFd8LsDJ2yQ/wWWxaopEsABU1XfkM8A+j0+85JAGppt16cr1Whg6KIbb4okU6Mql6BOj+uup/wKeA==}

  tar-stream@3.1.7:
    resolution: {integrity: sha512-qJj60CXt7IU1Ffyc3NJMjh6EkuCFej46zUqJ4J7pqYlThyd9bO0XBTmcOIhSzZJVWfsLks0+nle/j538YAW9RQ==}

  tar@7.5.20:
    resolution: {integrity: sha512-9FcyK4PA6+WbzlTM9WhQm6vB5W7cP7dUiPsv1g7YDwEQnQ1CGpK3MGlKk/ITVWMk05kHZuBhmVhiv8LZoy/PFQ==}
    engines: {node: '>=18'}

  text-decoder@1.2.0:
    resolution: {integrity: sha512-n1yg1mOj9DNpk3NeZOx7T6jchTbyJS3i3cucbNN6FcdPriMZx7NsgrGpWWdWZZGxD7ES1XB+3uoqHMgOKaN+fg==}

  tmp-promise@3.0.3:
    resolution: {integrity: sha512-RwM7MoPojPxsOBYnyd2hy0bxtIlVrihNs9pj5SUvY8Zz1sQcQG2tG1hSr8PDxfgEB8RNKDhqbIlroIarSNDNsQ==}

  tmp@0.2.1:
    resolution: {integrity: sha512-76SUhtfqR2Ijn+xllcI5P1oyannHNHByD80W1q447gU3mp9G9PSpGdWmjUOHRDPiHYacIk66W7ubDTuPF3BEtQ==}
    engines: {node: '>=8.17.0'}

  type-fest@4.41.0:
    resolution: {integrity: sha512-TeTSQ6H5YHvpqVwBRcnLDCBnDOHWYu7IvGbHT6N8AOymcr9PJGjc1GTtiWZTYg0NCgYwvnYWEkVChQAr9bjfwA==}
    engines: {node: '>=16'}

  util-deprecate@1.0.2:
    resolution: {integrity: sha512-EPD5q1uXyFxJpCrLnCc1nHnq3gOa6DZBocAIiI2TaSCA7VCJ1UJDMagCzIkXNsUYfD1daK//LTEQ8xiIbrHtcw==}

  wrappy@1.0.2:
    resolution: {integrity: sha512-l4Sp/DRseor9wL6EvV2+TuQn63dMkPjZ/sp9XkghTEbV9KlPS1xUsZ3u7/IQO4wxtcFB4bgpQPRcR3QCvezPcQ==}

  yallist@5.0.0:
    resolution: {integrity: sha512-YgvUTfwqyc7UXVMrB+SImsVYSmTS8X/tSrtdNZMImM+n7+QTriRXyXim0mBrTXNeqzVF0KWGgHPeiyViFFrNDw==}
    engines: {node: '>=18'}

  zip-stream@7.0.5:
    resolution: {integrity: sha512-dSvYKdvLsAHCDqPOhIwk/q5CvuWtTB3Dgpoe0uVEFjTzIOAmsQpprX25InCvrvJsirEbu1OHyy67n/kAj1Sw/w==}
    engines: {node: '>=18'}

snapshots:

  '@babel/runtime@7.29.7': {}

  '@isaacs/fs-minipass@4.0.1':
    dependencies:
      minipass: 7.1.2

  abort-controller@3.0.0:
    dependencies:
      event-target-shim: 5.0.1

  archiver@8.0.0:
    dependencies:
      async: 3.2.4
      buffer-crc32: 1.0.0
      is-stream: 4.0.1
      lazystream: 1.0.1
      normalize-path: 3.0.0
      readable-stream: 4.5.2
      readdir-glob: 3.0.0
      tar-stream: 3.1.7
      zip-stream: 7.0.5

  async@3.2.4: {}

  b4a@1.6.6: {}

  balanced-match@1.0.2: {}

  balanced-match@4.0.4: {}

  bare-events@2.4.2:
    optional: true

  base64-js@1.5.1: {}

  brace-expansion@1.1.11:
    dependencies:
      balanced-match: 1.0.2
      concat-map: 0.0.1

  brace-expansion@5.0.7:
    dependencies:
      balanced-match: 4.0.4

  buffer-crc32@1.0.0: {}

  buffer@6.0.3:
    dependencies:
      base64-js: 1.5.1
      ieee754: 1.2.1

  chownr@3.0.0: {}

  compress-commons@7.0.1:
    dependencies:
      crc-32: 1.2.2
      crc32-stream: 7.0.1
      is-stream: 4.0.1
      normalize-path: 3.0.0
      readable-stream: 4.5.2

  concat-map@0.0.1: {}

  core-util-is@1.0.3: {}

  crc-32@1.2.2: {}

  crc32-stream@7.0.1:
    dependencies:
      crc-32: 1.2.2
      readable-stream: 4.5.2

  event-target-shim@5.0.1: {}

  events@3.3.0: {}

  fast-fifo@1.3.2: {}

  fs.realpath@1.0.0: {}

  glob@7.2.3:
    dependencies:
      fs.realpath: 1.0.0
      inflight: 1.0.6
      inherits: 2.0.4
      minimatch: 3.1.2
      once: 1.4.0
      path-is-absolute: 1.0.1

  hasha@7.0.0:
    dependencies:
      is-stream: 4.0.1
      type-fest: 4.41.0

  ieee754@1.2.1: {}

  inflight@1.0.6:
    dependencies:
      once: 1.4.0
      wrappy: 1.0.2

  inherits@2.0.4: {}

  is-stream@4.0.1: {}

  isarray@1.0.0: {}

  lazystream@1.0.1:
    dependencies:
      readable-stream: 2.3.8

  minimatch@10.2.5:
    dependencies:
      brace-expansion: 5.0.7

  minimatch@3.1.2:
    dependencies:
      brace-expansion: 1.1.11

  minipass@7.1.2: {}

  minizlib@3.1.0:
    dependencies:
      minipass: 7.1.2

  node@runtime:26.5.0: {}

  normalize-path@3.0.0: {}

  once@1.4.0:
    dependencies:
      wrappy: 1.0.2

  path-is-absolute@1.0.1: {}

  process-nextick-args@2.0.1: {}

  process@0.11.10: {}

  promisify-child-process@5.0.1:
    dependencies:
      '@babel/runtime': 7.29.7

  queue-tick@1.0.1: {}

  readable-stream@2.3.8:
    dependencies:
      core-util-is: 1.0.3
      inherits: 2.0.4
      isarray: 1.0.0
      process-nextick-args: 2.0.1
      safe-buffer: 5.1.2
      string_decoder: 1.1.1
      util-deprecate: 1.0.2

  readable-stream@4.5.2:
    dependencies:
      abort-controller: 3.0.0
      buffer: 6.0.3
      events: 3.3.0
      process: 0.11.10
      string_decoder: 1.3.0

  readdir-glob@3.0.0:
    dependencies:
      minimatch: 10.2.5

  rimraf@3.0.2:
    dependencies:
      glob: 7.2.3

  safe-buffer@5.1.2: {}

  safe-buffer@5.2.1: {}

  semver@7.8.5: {}

  streamx@2.20.1:
    dependencies:
      fast-fifo: 1.3.2
      queue-tick: 1.0.1
      text-decoder: 1.2.0
    optionalDependencies:
      bare-events: 2.4.2

  string_decoder@1.1.1:
    dependencies:
      safe-buffer: 5.1.2

  string_decoder@1.3.0:
    dependencies:
      safe-buffer: 5.2.1

  tar-stream@3.1.7:
    dependencies:
      b4a: 1.6.6
      fast-fifo: 1.3.2
      streamx: 2.20.1

  tar@7.5.20:
    dependencies:
      '@isaacs/fs-minipass': 4.0.1
      chownr: 3.0.0
      minipass: 7.1.2
      minizlib: 3.1.0
      yallist: 5.0.0

  text-decoder@1.2.0:
    dependencies:
      b4a: 1.6.6

  tmp-promise@3.0.3:
    dependencies:
      tmp: 0.2.1

  tmp@0.2.1:
    dependencies:
      rimraf: 3.0.2

  type-fest@4.41.0: {}

  util-deprecate@1.0.2: {}

  wrappy@1.0.2: {}

  yallist@5.0.0: {}

  zip-stream@7.0.5:
    dependencies:
      compress-commons: 7.0.1
      normalize-path: 3.0.0
      readable-stream: 4.5.2
